<Solution>
  <Folder Name="/Solution Items/">
    <File Path="README.md" />
    <File Path="Tiling.svg" />
  </Folder>
  <Project Path="Pips.Benchmark/Pips.Benchmark.fsproj" />
  <Project Path="Pips.Server/Pips.Server.fsproj" />
  <Project Path="Pips.Test/Pips.Test.fsproj" />
  <Project Path="Pips.Web/Pips.Web.fsproj" />
  <Project Path="Pips/Pips.fsproj" />
  <Project Path="PipsCsharp/PipsCsharp.csproj" Id="0e568ed1-af40-490e-be3b-504a52b3c34a" />
</Solution>
